// !$*UTF8*$!
{
	archiveVersion = 1;
	classes = {
	};
	objectVersion = 48;
	objects = {

/* Begin PBXBuildFile section */
		166A2ABB2017C4370027086E /* WeatherData.swift in Sources */ = {isa = PBXBuildFile; fileRef = 166A2AB82017C4370027086E /* WeatherData.swift */; };
		166A2ABC2017C4370027086E /* JSONDecodable.swift in Sources */ = {isa = PBXBuildFile; fileRef = 166A2AB92017C4370027086E /* JSONDecodable.swift */; };
		166A2ABD2017C4370027086E /* WeatherHourData.swift in Sources */ = {isa = PBXBuildFile; fileRef = 166A2ABA2017C4370027086E /* WeatherHourData.swift */; };
		1671AD1620114D8400C730CD /* AppDelegate.swift in Sources */ = {isa = PBXBuildFile; fileRef = 1671AD1520114D8400C730CD /* AppDelegate.swift */; };
		1671AD1D20114D8400C730CD /* Assets.xcassets in Resources */ = {isa = PBXBuildFile; fileRef = 1671AD1C20114D8400C730CD /* Assets.xcassets */; };
		1671AD2C201156F600C730CD /* LaunchScreen.storyboard in Resources */ = {isa = PBXBuildFile; fileRef = 1671AD2B201156F600C730CD /* LaunchScreen.storyboard */; };
		1671AD39201656BD00C730CD /* RootViewController.swift in Sources */ = {isa = PBXBuildFile; fileRef = 1671AD38201656BD00C730CD /* RootViewController.swift */; };
		1671AD3B2016583000C730CD /* Main.storyboard in Resources */ = {isa = PBXBuildFile; fileRef = 1671AD3A2016583000C730CD /* Main.storyboard */; };
		1671AD402016773A00C730CD /* DayViewController.swift in Sources */ = {isa = PBXBuildFile; fileRef = 1671AD3F2016773A00C730CD /* DayViewController.swift */; };
		1671AD422016775200C730CD /* WeekViewController.swift in Sources */ = {isa = PBXBuildFile; fileRef = 1671AD412016775200C730CD /* WeekViewController.swift */; };
		1671AD442016778700C730CD /* NowViewController.swift in Sources */ = {isa = PBXBuildFile; fileRef = 1671AD432016778700C730CD /* NowViewController.swift */; };
		1671AD472016785400C730CD /* DayCollectionViewCell.swift in Sources */ = {isa = PBXBuildFile; fileRef = 1671AD462016785400C730CD /* DayCollectionViewCell.swift */; };
		1671AD492016788600C730CD /* NowCollectionViewCell.swift in Sources */ = {isa = PBXBuildFile; fileRef = 1671AD482016788600C730CD /* NowCollectionViewCell.swift */; };
		1671AD4B2016789400C730CD /* WeekCollectionViewCell.swift in Sources */ = {isa = PBXBuildFile; fileRef = 1671AD4A2016789400C730CD /* WeekCollectionViewCell.swift */; };
		1671AD4E20168C1B00C730CD /* Configuration.swift in Sources */ = {isa = PBXBuildFile; fileRef = 1671AD4D20168C1B00C730CD /* Configuration.swift */; };
		1671AD5120168D6B00C730CD /* DataManager.swift in Sources */ = {isa = PBXBuildFile; fileRef = 1671AD5020168D6B00C730CD /* DataManager.swift */; };
		16FF8BC3201FA3520022CE05 /* ForcastAlert.swift in Sources */ = {isa = PBXBuildFile; fileRef = 16FF8BC2201FA3520022CE05 /* ForcastAlert.swift */; };
		16FF8BC6201FD8A50022CE05 /* DailyData.swift in Sources */ = {isa = PBXBuildFile; fileRef = 16FF8BC4201FD8A50022CE05 /* DailyData.swift */; };
		16FF8BC7201FD8A50022CE05 /* WeatherDailyData.swift in Sources */ = {isa = PBXBuildFile; fileRef = 16FF8BC5201FD8A50022CE05 /* WeatherDailyData.swift */; };
		16FF8BC92020121F0022CE05 /* DailyDataManager.swift in Sources */ = {isa = PBXBuildFile; fileRef = 16FF8BC82020121F0022CE05 /* DailyDataManager.swift */; };
/* End PBXBuildFile section */

/* Begin PBXFileReference section */
		166A2AB82017C4370027086E /* WeatherData.swift */ = {isa = PBXFileReference; fileEncoding = 4; lastKnownFileType = sourcecode.swift; path = WeatherData.swift; sourceTree = "<group>"; };
		166A2AB92017C4370027086E /* JSONDecodable.swift */ = {isa = PBXFileReference; fileEncoding = 4; lastKnownFileType = sourcecode.swift; path = JSONDecodable.swift; sourceTree = "<group>"; };
		166A2ABA2017C4370027086E /* WeatherHourData.swift */ = {isa = PBXFileReference; fileEncoding = 4; lastKnownFileType = sourcecode.swift; path = WeatherHourData.swift; sourceTree = "<group>"; };
		1671AD1220114D8400C730CD /* Thundercloud.app */ = {isa = PBXFileReference; explicitFileType = wrapper.application; includeInIndex = 0; path = Thundercloud.app; sourceTree = BUILT_PRODUCTS_DIR; };
		1671AD1520114D8400C730CD /* AppDelegate.swift */ = {isa = PBXFileReference; lastKnownFileType = sourcecode.swift; path = AppDelegate.swift; sourceTree = "<group>"; };
		1671AD1C20114D8400C730CD /* Assets.xcassets */ = {isa = PBXFileReference; lastKnownFileType = folder.assetcatalog; path = Assets.xcassets; sourceTree = "<group>"; };
		1671AD2120114D8400C730CD /* Info.plist */ = {isa = PBXFileReference; lastKnownFileType = text.plist.xml; path = Info.plist; sourceTree = "<group>"; };
		1671AD2B201156F600C730CD /* LaunchScreen.storyboard */ = {isa = PBXFileReference; lastKnownFileType = file.storyboard; path = LaunchScreen.storyboard; sourceTree = "<group>"; };
		1671AD38201656BD00C730CD /* RootViewController.swift */ = {isa = PBXFileReference; lastKnownFileType = sourcecode.swift; path = RootViewController.swift; sourceTree = "<group>"; };
		1671AD3A2016583000C730CD /* Main.storyboard */ = {isa = PBXFileReference; lastKnownFileType = file.storyboard; path = Main.storyboard; sourceTree = "<group>"; };
		1671AD3F2016773A00C730CD /* DayViewController.swift */ = {isa = PBXFileReference; lastKnownFileType = sourcecode.swift; path = DayViewController.swift; sourceTree = "<group>"; };
		1671AD412016775200C730CD /* WeekViewController.swift */ = {isa = PBXFileReference; lastKnownFileType = sourcecode.swift; path = WeekViewController.swift; sourceTree = "<group>"; };
		1671AD432016778700C730CD /* NowViewController.swift */ = {isa = PBXFileReference; lastKnownFileType = sourcecode.swift; path = NowViewController.swift; sourceTree = "<group>"; };
		1671AD462016785400C730CD /* DayCollectionViewCell.swift */ = {isa = PBXFileReference; lastKnownFileType = sourcecode.swift; path = DayCollectionViewCell.swift; sourceTree = "<group>"; };
		1671AD482016788600C730CD /* NowCollectionViewCell.swift */ = {isa = PBXFileReference; lastKnownFileType = sourcecode.swift; path = NowCollectionViewCell.swift; sourceTree = "<group>"; };
		1671AD4A2016789400C730CD /* WeekCollectionViewCell.swift */ = {isa = PBXFileReference; lastKnownFileType = sourcecode.swift; path = WeekCollectionViewCell.swift; sourceTree = "<group>"; };
		1671AD4D20168C1B00C730CD /* Configuration.swift */ = {isa = PBXFileReference; lastKnownFileType = sourcecode.swift; path = Configuration.swift; sourceTree = "<group>"; };
		1671AD5020168D6B00C730CD /* DataManager.swift */ = {isa = PBXFileReference; lastKnownFileType = sourcecode.swift; path = DataManager.swift; sourceTree = "<group>"; };
		16FF8BC2201FA3520022CE05 /* ForcastAlert.swift */ = {isa = PBXFileReference; lastKnownFileType = sourcecode.swift; path = ForcastAlert.swift; sourceTree = "<group>"; };
		16FF8BC4201FD8A50022CE05 /* DailyData.swift */ = {isa = PBXFileReference; fileEncoding = 4; lastKnownFileType = sourcecode.swift; name = DailyData.swift; path = "Thundercloud/View Controllers/Week View Controller/DailyData.swift"; sourceTree = SOURCE_ROOT; };
		16FF8BC5201FD8A50022CE05 /* WeatherDailyData.swift */ = {isa = PBXFileReference; fileEncoding = 4; lastKnownFileType = sourcecode.swift; name = WeatherDailyData.swift; path = "Thundercloud/View Controllers/Week View Controller/WeatherDailyData.swift"; sourceTree = SOURCE_ROOT; };
		16FF8BC82020121F0022CE05 /* DailyDataManager.swift */ = {isa = PBXFileReference; lastKnownFileType = sourcecode.swift; path = DailyDataManager.swift; sourceTree = "<group>"; };
/* End PBXFileReference section */

/* Begin PBXFrameworksBuildPhase section */
		1671AD0F20114D8400C730CD /* Frameworks */ = {
			isa = PBXFrameworksBuildPhase;
			buildActionMask = 2147483647;
			files = (
			);
			runOnlyForDeploymentPostprocessing = 0;
		};
/* End PBXFrameworksBuildPhase section */

/* Begin PBXGroup section */
		1671AD0920114D8400C730CD = {
			isa = PBXGroup;
			children = (
				1671AD1420114D8400C730CD /* Thundercloud */,
				1671AD1320114D8400C730CD /* Products */,
			);
			sourceTree = "<group>";
		};
		1671AD1320114D8400C730CD /* Products */ = {
			isa = PBXGroup;
			children = (
				1671AD1220114D8400C730CD /* Thundercloud.app */,
			);
			name = Products;
			sourceTree = "<group>";
		};
		1671AD1420114D8400C730CD /* Thundercloud */ = {
			isa = PBXGroup;
			children = (
				166A2AB92017C4370027086E /* JSONDecodable.swift */,
				166A2AB82017C4370027086E /* WeatherData.swift */,
				166A2ABA2017C4370027086E /* WeatherHourData.swift */,
				16FF8BC2201FA3520022CE05 /* ForcastAlert.swift */,
				1671AD4F20168D5600C730CD /* Managers */,
				1671AD2F2011577800C730CD /* View Controllers */,
				1671AD2E2011575D00C730CD /* Supporting Files */,
				1671AD2D2011574500C730CD /* Resources */,
				1671AD282011514200C730CD /* Storyboards */,
				1671AD2720114DF800C730CD /* Application Delegate */,
			);
			path = Thundercloud;
			sourceTree = "<group>";
		};
		1671AD2720114DF800C730CD /* Application Delegate */ = {
			isa = PBXGroup;
			children = (
				1671AD1520114D8400C730CD /* AppDelegate.swift */,
			);
			path = "Application Delegate";
			sourceTree = "<group>";
		};
		1671AD282011514200C730CD /* Storyboards */ = {
			isa = PBXGroup;
			children = (
				1671AD2B201156F600C730CD /* LaunchScreen.storyboard */,
				1671AD3A2016583000C730CD /* Main.storyboard */,
			);
			path = Storyboards;
			sourceTree = "<group>";
		};
		1671AD2D2011574500C730CD /* Resources */ = {
			isa = PBXGroup;
			children = (
				1671AD1C20114D8400C730CD /* Assets.xcassets */,
			);
			path = Resources;
			sourceTree = "<group>";
		};
		1671AD2E2011575D00C730CD /* Supporting Files */ = {
			isa = PBXGroup;
			children = (
				1671AD2120114D8400C730CD /* Info.plist */,
			);
			path = "Supporting Files";
			sourceTree = "<group>";
		};
		1671AD2F2011577800C730CD /* View Controllers */ = {
			isa = PBXGroup;
			children = (
				1671AD4C20168C0700C730CD /* Configuration */,
				1671AD372016556E00C730CD /* Root View Controller */,
				1671AD3E201676F500C730CD /* Week View Controller */,
				1671AD3D201676E900C730CD /* Now View Controller */,
				1671AD3C201676D900C730CD /* Day View Controller */,
			);
			path = "View Controllers";
			sourceTree = "<group>";
		};
		1671AD372016556E00C730CD /* Root View Controller */ = {
			isa = PBXGroup;
			children = (
				1671AD38201656BD00C730CD /* RootViewController.swift */,
				1671AD45201677E800C730CD /* Collection View Cells */,
			);
			path = "Root View Controller";
			sourceTree = "<group>";
		};
		1671AD3C201676D900C730CD /* Day View Controller */ = {
			isa = PBXGroup;
			children = (
				1671AD3F2016773A00C730CD /* DayViewController.swift */,
			);
			path = "Day View Controller";
			sourceTree = "<group>";
		};
		1671AD3D201676E900C730CD /* Now View Controller */ = {
			isa = PBXGroup;
			children = (
				1671AD432016778700C730CD /* NowViewController.swift */,
			);
			path = "Now View Controller";
			sourceTree = "<group>";
		};
		1671AD3E201676F500C730CD /* Week View Controller */ = {
			isa = PBXGroup;
			children = (
				1671AD412016775200C730CD /* WeekViewController.swift */,
				16FF8BC5201FD8A50022CE05 /* WeatherDailyData.swift */,
				16FF8BC4201FD8A50022CE05 /* DailyData.swift */,
			);
			path = "Week View Controller";
			sourceTree = "<group>";
		};
		1671AD45201677E800C730CD /* Collection View Cells */ = {
			isa = PBXGroup;
			children = (
				1671AD462016785400C730CD /* DayCollectionViewCell.swift */,
				1671AD482016788600C730CD /* NowCollectionViewCell.swift */,
				1671AD4A2016789400C730CD /* WeekCollectionViewCell.swift */,
			);
			path = "Collection View Cells";
			sourceTree = "<group>";
		};
		1671AD4C20168C0700C730CD /* Configuration */ = {
			isa = PBXGroup;
			children = (
				1671AD4D20168C1B00C730CD /* Configuration.swift */,
			);
			path = Configuration;
			sourceTree = "<group>";
		};
		1671AD4F20168D5600C730CD /* Managers */ = {
			isa = PBXGroup;
			children = (
				1671AD5020168D6B00C730CD /* DataManager.swift */,
				16FF8BC82020121F0022CE05 /* DailyDataManager.swift */,
			);
			path = Managers;
			sourceTree = "<group>";
		};
/* End PBXGroup section */

/* Begin PBXNativeTarget section */
		1671AD1120114D8400C730CD /* Thundercloud */ = {
			isa = PBXNativeTarget;
			buildConfigurationList = 1671AD2420114D8400C730CD /* Build configuration list for PBXNativeTarget "Thundercloud" */;
			buildPhases = (
				1671AD0E20114D8400C730CD /* Sources */,
				1671AD0F20114D8400C730CD /* Frameworks */,
				1671AD1020114D8400C730CD /* Resources */,
			);
			buildRules = (
			);
			dependencies = (
			);
			name = Thundercloud;
			productName = Thundercloud;
			productReference = 1671AD1220114D8400C730CD /* Thundercloud.app */;
			productType = "com.apple.product-type.application";
		};
/* End PBXNativeTarget section */

/* Begin PBXProject section */
		1671AD0A20114D8400C730CD /* Project object */ = {
			isa = PBXProject;
			attributes = {
				LastSwiftUpdateCheck = 0920;
				LastUpgradeCheck = 0920;
				ORGANIZATIONNAME = "Scott Kriss";
				TargetAttributes = {
					1671AD1120114D8400C730CD = {
						CreatedOnToolsVersion = 9.2;
						ProvisioningStyle = Automatic;
					};
				};
			};
			buildConfigurationList = 1671AD0D20114D8400C730CD /* Build configuration list for PBXProject "Thundercloud" */;
			compatibilityVersion = "Xcode 8.0";
			developmentRegion = en;
			hasScannedForEncodings = 0;
			knownRegions = (
				en,
				Base,
			);
			mainGroup = 1671AD0920114D8400C730CD;
			productRefGroup = 1671AD1320114D8400C730CD /* Products */;
			projectDirPath = "";
			projectRoot = "";
			targets = (
				1671AD1120114D8400C730CD /* Thundercloud */,
			);
		};
/* End PBXProject section */

/* Begin PBXResourcesBuildPhase section */
		1671AD1020114D8400C730CD /* Resources */ = {
			isa = PBXResourcesBuildPhase;
			buildActionMask = 2147483647;
			files = (
				1671AD3B2016583000C730CD /* Main.storyboard in Resources */,
				1671AD2C201156F600C730CD /* LaunchScreen.storyboard in Resources */,
				1671AD1D20114D8400C730CD /* Assets.xcassets in Resources */,
			);
			runOnlyForDeploymentPostprocessing = 0;
		};
/* End PBXResourcesBuildPhase section */

/* Begin PBXSourcesBuildPhase section */
		1671AD0E20114D8400C730CD /* Sources */ = {
			isa = PBXSourcesBuildPhase;
			buildActionMask = 2147483647;
			files = (
				16FF8BC6201FD8A50022CE05 /* DailyData.swift in Sources */,
				1671AD39201656BD00C730CD /* RootViewController.swift in Sources */,
				1671AD5120168D6B00C730CD /* DataManager.swift in Sources */,
				1671AD472016785400C730CD /* DayCollectionViewCell.swift in Sources */,
				16FF8BC3201FA3520022CE05 /* ForcastAlert.swift in Sources */,
				166A2ABC2017C4370027086E /* JSONDecodable.swift in Sources */,
				1671AD4B2016789400C730CD /* WeekCollectionViewCell.swift in Sources */,
				1671AD4E20168C1B00C730CD /* Configuration.swift in Sources */,
				166A2ABB2017C4370027086E /* WeatherData.swift in Sources */,
				1671AD442016778700C730CD /* NowViewController.swift in Sources */,
				1671AD1620114D8400C730CD /* AppDelegate.swift in Sources */,
				16FF8BC92020121F0022CE05 /* DailyDataManager.swift in Sources */,
				1671AD422016775200C730CD /* WeekViewController.swift in Sources */,
				1671AD492016788600C730CD /* NowCollectionViewCell.swift in Sources */,
				1671AD402016773A00C730CD /* DayViewController.swift in Sources */,
				16FF8BC7201FD8A50022CE05 /* WeatherDailyData.swift in Sources */,
				166A2ABD2017C4370027086E /* WeatherHourData.swift in Sources */,
			);
			runOnlyForDeploymentPostprocessing = 0;
		};
/* End PBXSourcesBuildPhase section */

/* Begin XCBuildConfiguration section */
		1671AD2220114D8400C730CD /* Debug */ = {
			isa = XCBuildConfiguration;
			buildSettings = {
				ALWAYS_SEARCH_USER_PATHS = NO;
				CLANG_ANALYZER_NONNULL = YES;
				CLANG_ANALYZER_NUMBER_OBJECT_CONVERSION = YES_AGGRESSIVE;
				CLANG_CXX_LANGUAGE_STANDARD = "gnu++14";
				CLANG_CXX_LIBRARY = "libc++";
				CLANG_ENABLE_MODULES = YES;
				CLANG_ENABLE_OBJC_ARC = YES;
				CLANG_WARN_BLOCK_CAPTURE_AUTORELEASING = YES;
				CLANG_WARN_BOOL_CONVERSION = YES;
				CLANG_WARN_COMMA = YES;
				CLANG_WARN_CONSTANT_CONVERSION = YES;
				CLANG_WARN_DIRECT_OBJC_ISA_USAGE = YES_ERROR;
				CLANG_WARN_DOCUMENTATION_COMMENTS = YES;
				CLANG_WARN_EMPTY_BODY = YES;
				CLANG_WARN_ENUM_CONVERSION = YES;
				CLANG_WARN_INFINITE_RECURSION = YES;
				CLANG_WARN_INT_CONVERSION = YES;
				CLANG_WARN_NON_LITERAL_NULL_CONVERSION = YES;
				CLANG_WARN_OBJC_LITERAL_CONVERSION = YES;
				CLANG_WARN_OBJC_ROOT_CLASS = YES_ERROR;
				CLANG_WARN_RANGE_LOOP_ANALYSIS = YES;
				CLANG_WARN_STRICT_PROTOTYPES = YES;
				CLANG_WARN_SUSPICIOUS_MOVE = YES;
				CLANG_WARN_UNGUARDED_AVAILABILITY = YES_AGGRESSIVE;
				CLANG_WARN_UNREACHABLE_CODE = YES;
				CLANG_WARN__DUPLICATE_METHOD_MATCH = YES;
				CODE_SIGN_IDENTITY = "iPhone Developer";
				COPY_PHASE_STRIP = NO;
				DEBUG_INFORMATION_FORMAT = dwarf;
				ENABLE_STRICT_OBJC_MSGSEND = YES;
				ENABLE_TESTABILITY = YES;
				GCC_C_LANGUAGE_STANDARD = gnu11;
				GCC_DYNAMIC_NO_PIC = NO;
				GCC_NO_COMMON_BLOCKS = YES;
				GCC_OPTIMIZATION_LEVEL = 0;
				GCC_PREPROCESSOR_DEFINITIONS = (
					"DEBUG=1",
					"$(inherited)",
				);
				GCC_WARN_64_TO_32_BIT_CONVERSION = YES;
				GCC_WARN_ABOUT_RETURN_TYPE = YES_ERROR;
				GCC_WARN_UNDECLARED_SELECTOR = YES;
				GCC_WARN_UNINITIALIZED_AUTOS = YES_AGGRESSIVE;
				GCC_WARN_UNUSED_FUNCTION = YES;
				GCC_WARN_UNUSED_VARIABLE = YES;
				IPHONEOS_DEPLOYMENT_TARGET = 11.2;
				MTL_ENABLE_DEBUG_INFO = YES;
				ONLY_ACTIVE_ARCH = YES;
				SDKROOT = iphoneos;
				SWIFT_ACTIVE_COMPILATION_CONDITIONS = DEBUG;
				SWIFT_OPTIMIZATION_LEVEL = "-Onone";
			};
			name = Debug;
		};
		1671AD2320114D8400C730CD /* Release */ = {
			isa = XCBuildConfiguration;
			buildSettings = {
				ALWAYS_SEARCH_USER_PATHS = NO;
				CLANG_ANALYZER_NONNULL = YES;
				CLANG_ANALYZER_NUMBER_OBJECT_CONVERSION = YES_AGGRESSIVE;
				CLANG_CXX_LANGUAGE_STANDARD = "gnu++14";
				CLANG_CXX_LIBRARY = "libc++";
				CLANG_ENABLE_MODULES = YES;
				CLANG_ENABLE_OBJC_ARC = YES;
				CLANG_WARN_BLOCK_CAPTURE_AUTORELEASING = YES;
				CLANG_WARN_BOOL_CONVERSION = YES;
				CLANG_WARN_COMMA = YES;
				CLANG_WARN_CONSTANT_CONVERSION = YES;
				CLANG_WARN_DIRECT_OBJC_ISA_USAGE = YES_ERROR;
				CLANG_WARN_DOCUMENTATION_COMMENTS = YES;
				CLANG_WARN_EMPTY_BODY = YES;
				CLANG_WARN_ENUM_CONVERSION = YES;
				CLANG_WARN_INFINITE_RECURSION = YES;
				CLANG_WARN_INT_CONVERSION = YES;
				CLANG_WARN_NON_LITERAL_NULL_CONVERSION = YES;
				CLANG_WARN_OBJC_LITERAL_CONVERSION = YES;
				CLANG_WARN_OBJC_ROOT_CLASS = YES_ERROR;
				CLANG_WARN_RANGE_LOOP_ANALYSIS = YES;
				CLANG_WARN_STRICT_PROTOTYPES = YES;
				CLANG_WARN_SUSPICIOUS_MOVE = YES;
				CLANG_WARN_UNGUARDED_AVAILABILITY = YES_AGGRESSIVE;
				CLANG_WARN_UNREACHABLE_CODE = YES;
				CLANG_WARN__DUPLICATE_METHOD_MATCH = YES;
				CODE_SIGN_IDENTITY = "iPhone Developer";
				COPY_PHASE_STRIP = NO;
				DEBUG_INFORMATION_FORMAT = "dwarf-with-dsym";
				ENABLE_NS_ASSERTIONS = NO;
				ENABLE_STRICT_OBJC_MSGSEND = YES;
				GCC_C_LANGUAGE_STANDARD = gnu11;
				GCC_NO_COMMON_BLOCKS = YES;
				GCC_WARN_64_TO_32_BIT_CONVERSION = YES;
				GCC_WARN_ABOUT_RETURN_TYPE = YES_ERROR;
				GCC_WARN_UNDECLARED_SELECTOR = YES;
				GCC_WARN_UNINITIALIZED_AUTOS = YES_AGGRESSIVE;
				GCC_WARN_UNUSED_FUNCTION = YES;
				GCC_WARN_UNUSED_VARIABLE = YES;
				IPHONEOS_DEPLOYMENT_TARGET = 11.2;
				MTL_ENABLE_DEBUG_INFO = NO;
				SDKROOT = iphoneos;
				SWIFT_OPTIMIZATION_LEVEL = "-Owholemodule";
				VALIDATE_PRODUCT = YES;
			};
			name = Release;
		};
		1671AD2520114D8400C730CD /* Debug */ = {
			isa = XCBuildConfiguration;
			buildSettings = {
				ASSETCATALOG_COMPILER_APPICON_NAME = AppIcon;
				CODE_SIGN_STYLE = Automatic;
				DEVELOPMENT_TEAM = SJGQK6GQ37;
				INFOPLIST_FILE = "$(SRCROOT)/Thundercloud/Supporting Files/Info.plist";
				LD_RUNPATH_SEARCH_PATHS = "$(inherited) @executable_path/Frameworks";
				PRODUCT_BUNDLE_IDENTIFIER = com.happygiraffe.Thundercloud;
				PRODUCT_NAME = "$(TARGET_NAME)";
				SWIFT_VERSION = 4.0;
				TARGETED_DEVICE_FAMILY = "1,2";
			};
			name = Debug;
		};
		1671AD2620114D8400C730CD /* Release */ = {
			isa = XCBuildConfiguration;
			buildSettings = {
				ASSETCATALOG_COMPILER_APPICON_NAME = AppIcon;
				CODE_SIGN_STYLE = Automatic;
				DEVELOPMENT_TEAM = SJGQK6GQ37;
				INFOPLIST_FILE = "$(SRCROOT)/Thundercloud/Supporting Files/Info.plist";
				LD_RUNPATH_SEARCH_PATHS = "$(inherited) @executable_path/Frameworks";
				PRODUCT_BUNDLE_IDENTIFIER = com.happygiraffe.Thundercloud;
				PRODUCT_NAME = "$(TARGET_NAME)";
				SWIFT_VERSION = 4.0;
				TARGETED_DEVICE_FAMILY = "1,2";
			};
			name = Release;
		};
/* End XCBuildConfiguration section */

/* Begin XCConfigurationList section */
		1671AD0D20114D8400C730CD /* Build configuration list for PBXProject "Thundercloud" */ = {
			isa = XCConfigurationList;
			buildConfigurations = (
				1671AD2220114D8400C730CD /* Debug */,
				1671AD2320114D8400C730CD /* Release */,
			);
			defaultConfigurationIsVisible = 0;
			defaultConfigurationName = Release;
		};
		1671AD2420114D8400C730CD /* Build configuration list for PBXNativeTarget "Thundercloud" */ = {
			isa = XCConfigurationList;
			buildConfigurations = (
				1671AD2520114D8400C730CD /* Debug */,
				1671AD2620114D8400C730CD /* Release */,
			);
			defaultConfigurationIsVisible = 0;
			defaultConfigurationName = Release;
		};
/* End XCConfigurationList section */
	};
	rootObject = 1671AD0A20114D8400C730CD /* Project object */;
}
